
Microsoft Visual Studio Solution File, Format Version 12.00
# Visual Studio Version 16
VisualStudioVersion = 16.0.29411.108
MinimumVisualStudioVersion = 10.0.40219.1
Project("{D954291E-2A0B-460D-934E-DC6B0785DB48}") = "StartHere", "StartHere\StartHere.shproj", "{ADCD0397-0FCE-42C4-B3B0-8F771B1B09C7}"
EndProject
Project("{FAE04EC0-301F-11D3-BF4B-00C04F79EFBC}") = "ConsoleApp", "ConsoleApp\ConsoleApp.csproj", "{39BA1D67-540E-449E-BDA3-B4180B616695}"
EndProject
Global
	GlobalSection(SharedMSBuildProjectFiles) = preSolution
		StartHere\StartHere.projitems*{adcd0397-0fce-42c4-b3b0-8f771b1b09c7}*SharedItemsImports = 13
	EndGlobalSection
	GlobalSection(SolutionConfigurationPlatforms) = preSolution
		Debug|Any CPU = Debug|Any CPU
		Release|Any CPU = Release|Any CPU
	EndGlobalSection
	GlobalSection(ProjectConfigurationPlatforms) = postSolution
		{39BA1D67-540E-449E-BDA3-B4180B616695}.Debug|Any CPU.ActiveCfg = Debug|Any CPU
		{39BA1D67-540E-449E-BDA3-B4180B616695}.Debug|Any CPU.Build.0 = Debug|Any CPU
		{39BA1D67-540E-449E-BDA3-B4180B616695}.Release|Any CPU.ActiveCfg = Release|Any CPU
		{39BA1D67-540E-449E-BDA3-B4180B616695}.Release|Any CPU.Build.0 = Release|Any CPU
	EndGlobalSection
	GlobalSection(SolutionProperties) = preSolution
		HideSolutionNode = FALSE
	EndGlobalSection
	GlobalSection(ExtensibilityGlobals) = postSolution
		SolutionGuid = {C2669CDC-26E1-44B7-A76E-D9EEE708AB50}
	EndGlobalSection
EndGlobal
